
Microsoft Visual Studio Solution File, Format Version 12.00
# Visual Studio 15
VisualStudioVersion = 15.0.26430.13
MinimumVisualStudioVersion = 10.0.40219.1
Project("{FAE04EC0-301F-11D3-BF4B-00C04F79EFBC}") = "HYFrameWork.Log", "HYFrameWork.Log\HYFrameWork.Log.csproj", "{2B4A2C40-1689-4E81-A6C3-89773A0F477C}"
EndProject
Project("{FAE04EC0-301F-11D3-BF4B-00C04F79EFBC}") = "HYFrameWork.Image", "HYFrameWork.Image\HYFrameWork.Image.csproj", "{5D86B758-1CBF-4B57-B25D-9E9948140A02}"
EndProject
Project("{FAE04EC0-301F-11D3-BF4B-00C04F79EFBC}") = "HYFrameWork.Core", "HYFrameWork.Core\HYFrameWork.Core.csproj", "{02D16F60-649A-4A22-8B29-440698A46754}"
EndProject
Project("{2150E333-8FDC-42A3-9474-1A3956D46DE8}") = "测试", "测试", "{CF1AFEC2-F973-49D8-BEBA-781045F55137}"
EndProject
Project("{2150E333-8FDC-42A3-9474-1A3956D46DE8}") = "1.0框架", "1.0框架", "{978076E8-C2C5-416C-928B-C1110D65CC83}"
EndProject
Project("{FAE04EC0-301F-11D3-BF4B-00C04F79EFBC}") = "HYFrameWork.Test", "HYFrameWork.Demo\HYFrameWork.Test.csproj", "{911B8764-3BDB-4128-A622-DBB33F4C8670}"
EndProject
Project("{FAE04EC0-301F-11D3-BF4B-00C04F79EFBC}") = "HYFrameWork.WinForm", "HYFrameWork.WinForm\HYFrameWork.WinForm.csproj", "{2079657F-A30E-4893-815E-87B5647F1651}"
EndProject
Project("{FAE04EC0-301F-11D3-BF4B-00C04F79EFBC}") = "HYFrameWork.WPF", "HYFrameWork.WPF\HYFrameWork.WPF.csproj", "{02CE8639-9DC6-4E08-BDD3-2D10DA05FE0F}"
EndProject
Project("{FAE04EC0-301F-11D3-BF4B-00C04F79EFBC}") = "HYFrameWork.DAL.SqlServer", "HYFrameWork.DAL.SqlServer\HYFrameWork.DAL.SqlServer.csproj", "{1B83337E-D739-48D0-B9EA-67AE6B7D01EF}"
EndProject
Project("{FAE04EC0-301F-11D3-BF4B-00C04F79EFBC}") = "HYFrameWork.Web", "HYFrameWork.Web\HYFrameWork.Web.csproj", "{1A9C17F0-90C8-4254-9DBB-E16A490DCB48}"
EndProject
Project("{FAE04EC0-301F-11D3-BF4B-00C04F79EFBC}") = "HYFrameWork.File", "HYFrameWork.File\HYFrameWork.File.csproj", "{35894327-219F-4C71-BC03-C32E088CAC2C}"
EndProject
Project("{FAE04EC0-301F-11D3-BF4B-00C04F79EFBC}") = "HYFramework.WebTest", "HYFramework.WebTest\HYFramework.WebTest.csproj", "{C15E99A1-2F5C-4392-B2AD-FD18B07F50B2}"
EndProject
Project("{FAE04EC0-301F-11D3-BF4B-00C04F79EFBC}") = "HYFrameWork.DAL.SQLite", "HYFrameWork.DAL.SQLite\HYFrameWork.DAL.SQLite.csproj", "{F0713A05-FA72-497F-A838-8D5F1286736F}"
EndProject
Global
	GlobalSection(SolutionConfigurationPlatforms) = preSolution
		Debug|Any CPU = Debug|Any CPU
		Debug|x64 = Debug|x64
		Debug|x86 = Debug|x86
		Release|Any CPU = Release|Any CPU
		Release|x64 = Release|x64
		Release|x86 = Release|x86
	EndGlobalSection
	GlobalSection(ProjectConfigurationPlatforms) = postSolution
		{2B4A2C40-1689-4E81-A6C3-89773A0F477C}.Debug|Any CPU.ActiveCfg = Debug|Any CPU
		{2B4A2C40-1689-4E81-A6C3-89773A0F477C}.Debug|Any CPU.Build.0 = Debug|Any CPU
		{2B4A2C40-1689-4E81-A6C3-89773A0F477C}.Debug|x64.ActiveCfg = Debug|x64
		{2B4A2C40-1689-4E81-A6C3-89773A0F477C}.Debug|x64.Build.0 = Debug|x64
		{2B4A2C40-1689-4E81-A6C3-89773A0F477C}.Debug|x86.ActiveCfg = Debug|Any CPU
		{2B4A2C40-1689-4E81-A6C3-89773A0F477C}.Release|Any CPU.ActiveCfg = Release|Any CPU
		{2B4A2C40-1689-4E81-A6C3-89773A0F477C}.Release|Any CPU.Build.0 = Release|Any CPU
		{2B4A2C40-1689-4E81-A6C3-89773A0F477C}.Release|x64.ActiveCfg = Release|x64
		{2B4A2C40-1689-4E81-A6C3-89773A0F477C}.Release|x64.Build.0 = Release|x64
		{2B4A2C40-1689-4E81-A6C3-89773A0F477C}.Release|x86.ActiveCfg = Release|Any CPU
		{5D86B758-1CBF-4B57-B25D-9E9948140A02}.Debug|Any CPU.ActiveCfg = Debug|Any CPU
		{5D86B758-1CBF-4B57-B25D-9E9948140A02}.Debug|Any CPU.Build.0 = Debug|Any CPU
		{5D86B758-1CBF-4B57-B25D-9E9948140A02}.Debug|x64.ActiveCfg = Debug|Any CPU
		{5D86B758-1CBF-4B57-B25D-9E9948140A02}.Debug|x64.Build.0 = Debug|Any CPU
		{5D86B758-1CBF-4B57-B25D-9E9948140A02}.Debug|x86.ActiveCfg = Debug|Any CPU
		{5D86B758-1CBF-4B57-B25D-9E9948140A02}.Release|Any CPU.ActiveCfg = Release|Any CPU
		{5D86B758-1CBF-4B57-B25D-9E9948140A02}.Release|Any CPU.Build.0 = Release|Any CPU
		{5D86B758-1CBF-4B57-B25D-9E9948140A02}.Release|x64.ActiveCfg = Release|Any CPU
		{5D86B758-1CBF-4B57-B25D-9E9948140A02}.Release|x64.Build.0 = Release|Any CPU
		{5D86B758-1CBF-4B57-B25D-9E9948140A02}.Release|x86.ActiveCfg = Release|Any CPU
		{02D16F60-649A-4A22-8B29-440698A46754}.Debug|Any CPU.ActiveCfg = Debug|Any CPU
		{02D16F60-649A-4A22-8B29-440698A46754}.Debug|Any CPU.Build.0 = Debug|Any CPU
		{02D16F60-649A-4A22-8B29-440698A46754}.Debug|x64.ActiveCfg = Debug|x64
		{02D16F60-649A-4A22-8B29-440698A46754}.Debug|x64.Build.0 = Debug|x64
		{02D16F60-649A-4A22-8B29-440698A46754}.Debug|x86.ActiveCfg = Debug|Any CPU
		{02D16F60-649A-4A22-8B29-440698A46754}.Release|Any CPU.ActiveCfg = Release|Any CPU
		{02D16F60-649A-4A22-8B29-440698A46754}.Release|Any CPU.Build.0 = Release|Any CPU
		{02D16F60-649A-4A22-8B29-440698A46754}.Release|x64.ActiveCfg = Release|x64
		{02D16F60-649A-4A22-8B29-440698A46754}.Release|x64.Build.0 = Release|x64
		{02D16F60-649A-4A22-8B29-440698A46754}.Release|x86.ActiveCfg = Release|Any CPU
		{911B8764-3BDB-4128-A622-DBB33F4C8670}.Debug|Any CPU.ActiveCfg = Debug|Any CPU
		{911B8764-3BDB-4128-A622-DBB33F4C8670}.Debug|Any CPU.Build.0 = Debug|Any CPU
		{911B8764-3BDB-4128-A622-DBB33F4C8670}.Debug|x64.ActiveCfg = Debug|Any CPU
		{911B8764-3BDB-4128-A622-DBB33F4C8670}.Debug|x64.Build.0 = Debug|Any CPU
		{911B8764-3BDB-4128-A622-DBB33F4C8670}.Debug|x86.ActiveCfg = Debug|Any CPU
		{911B8764-3BDB-4128-A622-DBB33F4C8670}.Release|Any CPU.ActiveCfg = Release|Any CPU
		{911B8764-3BDB-4128-A622-DBB33F4C8670}.Release|Any CPU.Build.0 = Release|Any CPU
		{911B8764-3BDB-4128-A622-DBB33F4C8670}.Release|x64.ActiveCfg = Release|Any CPU
		{911B8764-3BDB-4128-A622-DBB33F4C8670}.Release|x64.Build.0 = Release|Any CPU
		{911B8764-3BDB-4128-A622-DBB33F4C8670}.Release|x86.ActiveCfg = Release|Any CPU
		{2079657F-A30E-4893-815E-87B5647F1651}.Debug|Any CPU.ActiveCfg = Debug|Any CPU
		{2079657F-A30E-4893-815E-87B5647F1651}.Debug|Any CPU.Build.0 = Debug|Any CPU
		{2079657F-A30E-4893-815E-87B5647F1651}.Debug|x64.ActiveCfg = Debug|x64
		{2079657F-A30E-4893-815E-87B5647F1651}.Debug|x64.Build.0 = Debug|x64
		{2079657F-A30E-4893-815E-87B5647F1651}.Debug|x86.ActiveCfg = Debug|Any CPU
		{2079657F-A30E-4893-815E-87B5647F1651}.Release|Any CPU.ActiveCfg = Release|Any CPU
		{2079657F-A30E-4893-815E-87B5647F1651}.Release|Any CPU.Build.0 = Release|Any CPU
		{2079657F-A30E-4893-815E-87B5647F1651}.Release|x64.ActiveCfg = Release|x64
		{2079657F-A30E-4893-815E-87B5647F1651}.Release|x64.Build.0 = Release|x64
		{2079657F-A30E-4893-815E-87B5647F1651}.Release|x86.ActiveCfg = Release|Any CPU
		{02CE8639-9DC6-4E08-BDD3-2D10DA05FE0F}.Debug|Any CPU.ActiveCfg = Debug|Any CPU
		{02CE8639-9DC6-4E08-BDD3-2D10DA05FE0F}.Debug|Any CPU.Build.0 = Debug|Any CPU
		{02CE8639-9DC6-4E08-BDD3-2D10DA05FE0F}.Debug|x64.ActiveCfg = Debug|Any CPU
		{02CE8639-9DC6-4E08-BDD3-2D10DA05FE0F}.Debug|x64.Build.0 = Debug|Any CPU
		{02CE8639-9DC6-4E08-BDD3-2D10DA05FE0F}.Debug|x86.ActiveCfg = Debug|Any CPU
		{02CE8639-9DC6-4E08-BDD3-2D10DA05FE0F}.Release|Any CPU.ActiveCfg = Release|Any CPU
		{02CE8639-9DC6-4E08-BDD3-2D10DA05FE0F}.Release|Any CPU.Build.0 = Release|Any CPU
		{02CE8639-9DC6-4E08-BDD3-2D10DA05FE0F}.Release|x64.ActiveCfg = Release|Any CPU
		{02CE8639-9DC6-4E08-BDD3-2D10DA05FE0F}.Release|x64.Build.0 = Release|Any CPU
		{02CE8639-9DC6-4E08-BDD3-2D10DA05FE0F}.Release|x86.ActiveCfg = Release|Any CPU
		{1B83337E-D739-48D0-B9EA-67AE6B7D01EF}.Debug|Any CPU.ActiveCfg = Debug|Any CPU
		{1B83337E-D739-48D0-B9EA-67AE6B7D01EF}.Debug|Any CPU.Build.0 = Debug|Any CPU
		{1B83337E-D739-48D0-B9EA-67AE6B7D01EF}.Debug|x64.ActiveCfg = Debug|Any CPU
		{1B83337E-D739-48D0-B9EA-67AE6B7D01EF}.Debug|x64.Build.0 = Debug|Any CPU
		{1B83337E-D739-48D0-B9EA-67AE6B7D01EF}.Debug|x86.ActiveCfg = Debug|Any CPU
		{1B83337E-D739-48D0-B9EA-67AE6B7D01EF}.Release|Any CPU.ActiveCfg = Release|Any CPU
		{1B83337E-D739-48D0-B9EA-67AE6B7D01EF}.Release|Any CPU.Build.0 = Release|Any CPU
		{1B83337E-D739-48D0-B9EA-67AE6B7D01EF}.Release|x64.ActiveCfg = Release|Any CPU
		{1B83337E-D739-48D0-B9EA-67AE6B7D01EF}.Release|x64.Build.0 = Release|Any CPU
		{1B83337E-D739-48D0-B9EA-67AE6B7D01EF}.Release|x86.ActiveCfg = Release|Any CPU
		{1A9C17F0-90C8-4254-9DBB-E16A490DCB48}.Debug|Any CPU.ActiveCfg = Debug|Any CPU
		{1A9C17F0-90C8-4254-9DBB-E16A490DCB48}.Debug|Any CPU.Build.0 = Debug|Any CPU
		{1A9C17F0-90C8-4254-9DBB-E16A490DCB48}.Debug|x64.ActiveCfg = Debug|Any CPU
		{1A9C17F0-90C8-4254-9DBB-E16A490DCB48}.Debug|x64.Build.0 = Debug|Any CPU
		{1A9C17F0-90C8-4254-9DBB-E16A490DCB48}.Debug|x86.ActiveCfg = Debug|Any CPU
		{1A9C17F0-90C8-4254-9DBB-E16A490DCB48}.Debug|x86.Build.0 = Debug|Any CPU
		{1A9C17F0-90C8-4254-9DBB-E16A490DCB48}.Release|Any CPU.ActiveCfg = Release|Any CPU
		{1A9C17F0-90C8-4254-9DBB-E16A490DCB48}.Release|Any CPU.Build.0 = Release|Any CPU
		{1A9C17F0-90C8-4254-9DBB-E16A490DCB48}.Release|x64.ActiveCfg = Release|Any CPU
		{1A9C17F0-90C8-4254-9DBB-E16A490DCB48}.Release|x64.Build.0 = Release|Any CPU
		{1A9C17F0-90C8-4254-9DBB-E16A490DCB48}.Release|x86.ActiveCfg = Release|Any CPU
		{1A9C17F0-90C8-4254-9DBB-E16A490DCB48}.Release|x86.Build.0 = Release|Any CPU
		{35894327-219F-4C71-BC03-C32E088CAC2C}.Debug|Any CPU.ActiveCfg = Debug|Any CPU
		{35894327-219F-4C71-BC03-C32E088CAC2C}.Debug|Any CPU.Build.0 = Debug|Any CPU
		{35894327-219F-4C71-BC03-C32E088CAC2C}.Debug|x64.ActiveCfg = Debug|x64
		{35894327-219F-4C71-BC03-C32E088CAC2C}.Debug|x64.Build.0 = Debug|x64
		{35894327-219F-4C71-BC03-C32E088CAC2C}.Debug|x86.ActiveCfg = Debug|Any CPU
		{35894327-219F-4C71-BC03-C32E088CAC2C}.Debug|x86.Build.0 = Debug|Any CPU
		{35894327-219F-4C71-BC03-C32E088CAC2C}.Release|Any CPU.ActiveCfg = Release|Any CPU
		{35894327-219F-4C71-BC03-C32E088CAC2C}.Release|Any CPU.Build.0 = Release|Any CPU
		{35894327-219F-4C71-BC03-C32E088CAC2C}.Release|x64.ActiveCfg = Release|x64
		{35894327-219F-4C71-BC03-C32E088CAC2C}.Release|x64.Build.0 = Release|x64
		{35894327-219F-4C71-BC03-C32E088CAC2C}.Release|x86.ActiveCfg = Release|Any CPU
		{35894327-219F-4C71-BC03-C32E088CAC2C}.Release|x86.Build.0 = Release|Any CPU
		{C15E99A1-2F5C-4392-B2AD-FD18B07F50B2}.Debug|Any CPU.ActiveCfg = Debug|Any CPU
		{C15E99A1-2F5C-4392-B2AD-FD18B07F50B2}.Debug|Any CPU.Build.0 = Debug|Any CPU
		{C15E99A1-2F5C-4392-B2AD-FD18B07F50B2}.Debug|x64.ActiveCfg = Debug|Any CPU
		{C15E99A1-2F5C-4392-B2AD-FD18B07F50B2}.Debug|x64.Build.0 = Debug|Any CPU
		{C15E99A1-2F5C-4392-B2AD-FD18B07F50B2}.Debug|x86.ActiveCfg = Debug|Any CPU
		{C15E99A1-2F5C-4392-B2AD-FD18B07F50B2}.Debug|x86.Build.0 = Debug|Any CPU
		{C15E99A1-2F5C-4392-B2AD-FD18B07F50B2}.Release|Any CPU.ActiveCfg = Release|Any CPU
		{C15E99A1-2F5C-4392-B2AD-FD18B07F50B2}.Release|Any CPU.Build.0 = Release|Any CPU
		{C15E99A1-2F5C-4392-B2AD-FD18B07F50B2}.Release|x64.ActiveCfg = Release|Any CPU
		{C15E99A1-2F5C-4392-B2AD-FD18B07F50B2}.Release|x64.Build.0 = Release|Any CPU
		{C15E99A1-2F5C-4392-B2AD-FD18B07F50B2}.Release|x86.ActiveCfg = Release|Any CPU
		{C15E99A1-2F5C-4392-B2AD-FD18B07F50B2}.Release|x86.Build.0 = Release|Any CPU
		{F0713A05-FA72-497F-A838-8D5F1286736F}.Debug|Any CPU.ActiveCfg = Debug|Any CPU
		{F0713A05-FA72-497F-A838-8D5F1286736F}.Debug|Any CPU.Build.0 = Debug|Any CPU
		{F0713A05-FA72-497F-A838-8D5F1286736F}.Debug|x64.ActiveCfg = Debug|x64
		{F0713A05-FA72-497F-A838-8D5F1286736F}.Debug|x64.Build.0 = Debug|x64
		{F0713A05-FA72-497F-A838-8D5F1286736F}.Debug|x86.ActiveCfg = Debug|x86
		{F0713A05-FA72-497F-A838-8D5F1286736F}.Debug|x86.Build.0 = Debug|x86
		{F0713A05-FA72-497F-A838-8D5F1286736F}.Release|Any CPU.ActiveCfg = Release|Any CPU
		{F0713A05-FA72-497F-A838-8D5F1286736F}.Release|Any CPU.Build.0 = Release|Any CPU
		{F0713A05-FA72-497F-A838-8D5F1286736F}.Release|x64.ActiveCfg = Release|x64
		{F0713A05-FA72-497F-A838-8D5F1286736F}.Release|x64.Build.0 = Release|x64
		{F0713A05-FA72-497F-A838-8D5F1286736F}.Release|x86.ActiveCfg = Release|x86
		{F0713A05-FA72-497F-A838-8D5F1286736F}.Release|x86.Build.0 = Release|x86
	EndGlobalSection
	GlobalSection(SolutionProperties) = preSolution
		HideSolutionNode = FALSE
	EndGlobalSection
	GlobalSection(NestedProjects) = preSolution
		{2B4A2C40-1689-4E81-A6C3-89773A0F477C} = {978076E8-C2C5-416C-928B-C1110D65CC83}
		{5D86B758-1CBF-4B57-B25D-9E9948140A02} = {978076E8-C2C5-416C-928B-C1110D65CC83}
		{02D16F60-649A-4A22-8B29-440698A46754} = {978076E8-C2C5-416C-928B-C1110D65CC83}
		{911B8764-3BDB-4128-A622-DBB33F4C8670} = {CF1AFEC2-F973-49D8-BEBA-781045F55137}
		{2079657F-A30E-4893-815E-87B5647F1651} = {978076E8-C2C5-416C-928B-C1110D65CC83}
		{02CE8639-9DC6-4E08-BDD3-2D10DA05FE0F} = {978076E8-C2C5-416C-928B-C1110D65CC83}
		{1B83337E-D739-48D0-B9EA-67AE6B7D01EF} = {978076E8-C2C5-416C-928B-C1110D65CC83}
		{1A9C17F0-90C8-4254-9DBB-E16A490DCB48} = {978076E8-C2C5-416C-928B-C1110D65CC83}
		{35894327-219F-4C71-BC03-C32E088CAC2C} = {978076E8-C2C5-416C-928B-C1110D65CC83}
		{C15E99A1-2F5C-4392-B2AD-FD18B07F50B2} = {CF1AFEC2-F973-49D8-BEBA-781045F55137}
		{F0713A05-FA72-497F-A838-8D5F1286736F} = {978076E8-C2C5-416C-928B-C1110D65CC83}
	EndGlobalSection
	GlobalSection(ExtensibilityGlobals) = postSolution
		SolutionGuid = {80F47911-AEBB-4AC2-A15C-854DF5BD367F}
	EndGlobalSection
EndGlobal
